
Microsoft Visual Studio Solution File, Format Version 12.00
# Visual Studio Version 17
VisualStudioVersion = 17.1.32210.238
MinimumVisualStudioVersion = 10.0.40219.1
Project("{FAE04EC0-301F-11D3-BF4B-00C04F79EFBC}") = "SprotBinarySearchTree", "SprotBinarySearchTree\SprotBinarySearchTree.csproj", "{96FB3766-97F4-48AB-8C9F-381F09EB82B6}"
EndProject
Global
	GlobalSection(SolutionConfigurationPlatforms) = preSolution
		Debug|Any CPU = Debug|Any CPU
		Release|Any CPU = Release|Any CPU
	EndGlobalSection
	GlobalSection(ProjectConfigurationPlatforms) = postSolution
		{96FB3766-97F4-48AB-8C9F-381F09EB82B6}.Debug|Any CPU.ActiveCfg = Debug|Any CPU
		{96FB3766-97F4-48AB-8C9F-381F09EB82B6}.Debug|Any CPU.Build.0 = Debug|Any CPU
		{96FB3766-97F4-48AB-8C9F-381F09EB82B6}.Release|Any CPU.ActiveCfg = Release|Any CPU
		{96FB3766-97F4-48AB-8C9F-381F09EB82B6}.Release|Any CPU.Build.0 = Release|Any CPU
	EndGlobalSection
	GlobalSection(SolutionProperties) = preSolution
		HideSolutionNode = FALSE
	EndGlobalSection
	GlobalSection(ExtensibilityGlobals) = postSolution
		SolutionGuid = {99E5CDEE-2CB3-4505-8944-10874F70204A}
	EndGlobalSection
EndGlobal
